<?xml version="1.0" encoding="utf-8"?>
<Project ToolsVersion="4.0" xmlns="http://schemas.microsoft.com/developer/msbuild/2003">
  <ItemGroup>
    <Filter Include="Source Files">
      <UniqueIdentifier>{4FC737F1-C7A5-4376-A066-2A32D752A2FF}</UniqueIdentifier>
      <Extensions>cpp;c;cc;cxx;c++;cppm;ixx;def;odl;idl;hpj;bat;asm;asmx</Extensions>
    </Filter>
    <Filter Include="Header Files">
      <UniqueIdentifier>{93995380-89BD-4b04-88EB-625FBE52EBFB}</UniqueIdentifier>
      <Extensions>h;hh;hpp;hxx;h++;hm;inl;inc;ipp;xsd</Extensions>
    </Filter>
    <Filter Include="Resource Files">
      <UniqueIdentifier>{67DA6AB6-F800-4c08-8B7A-83BB121AAD01}</UniqueIdentifier>
      <Extensions>rc;ico;cur;bmp;dlg;rc2;rct;bin;rgs;gif;jpg;jpeg;jpe;resx;tiff;tif;png;wav;mfcribbon-ms</Extensions>
    </Filter>
    <Filter Include="Source Files\harfbuzz">
      <UniqueIdentifier>{b3072148-3aa5-47fa-8349-638338e2deb6}</UniqueIdentifier>
    </Filter>
    <Filter Include="Source Files\freetype">
      <UniqueIdentifier>{0be9125c-a88a-4406-b034-fbc007e18364}</UniqueIdentifier>
    </Filter>
    <Filter Include="Source Files\freetype\dlg">
      <UniqueIdentifier>{52221d2f-76b2-4e1b-ad8c-6a8b0589f4a3}</UniqueIdentifier>
    </Filter>
    <Filter Include="Source Files\freetype\freetype">
      <UniqueIdentifier>{37d1824c-d860-4929-aeaf-11489fd5bcd1}</UniqueIdentifier>
    </Filter>
    <Filter Include="Source Files\freetype\freetype\config">
      <UniqueIdentifier>{3f1afbd2-9a49-4203-beca-95348eb427a1}</UniqueIdentifier>
    </Filter>
    <Filter Include="Source Files\freetype\freetype\internal">
      <UniqueIdentifier>{64dd5f09-7cf7-4e79-a832-02c55483e2f8}</UniqueIdentifier>
    </Filter>
    <Filter Include="Source Files\freetype\freetype\internal\services">
      <UniqueIdentifier>{a1e6d658-ac28-4c71-9e1b-cb9893051f52}</UniqueIdentifier>
    </Filter>
    <Filter Include="Source Files\stbi">
      <UniqueIdentifier>{0658556e-e572-4103-9f66-41041cef844b}</UniqueIdentifier>
    </Filter>
  </ItemGroup>
  <ItemGroup>
    <ClCompile Include="src\freetype.cpp">
      <Filter>Source Files</Filter>
    </ClCompile>
    <ClCompile Include="src\harfbuzz.cpp">
      <Filter>Source Files</Filter>
    </ClCompile>
    <ClCompile Include="src\harfbuzz\harfbuzz.cc">
      <Filter>Source Files\harfbuzz</Filter>
    </ClCompile>
    <ClCompile Include="src\harfbuzz\hb-aat-layout.cc">
      <Filter>Source Files\harfbuzz</Filter>
    </ClCompile>
    <ClCompile Include="src\harfbuzz\hb-aat-map.cc">
      <Filter>Source Files\harfbuzz</Filter>
    </ClCompile>
    <ClCompile Include="src\harfbuzz\hb-blob.cc">
      <Filter>Source Files\harfbuzz</Filter>
    </ClCompile>
    <ClCompile Include="src\harfbuzz\hb-buffer.cc">
      <Filter>Source Files\harfbuzz</Filter>
    </ClCompile>
    <ClCompile Include="src\harfbuzz\hb-buffer-serialize.cc">
      <Filter>Source Files\harfbuzz</Filter>
    </ClCompile>
    <ClCompile Include="src\harfbuzz\hb-common.cc">
      <Filter>Source Files\harfbuzz</Filter>
    </ClCompile>
    <ClCompile Include="src\harfbuzz\hb-coretext.cc">
      <Filter>Source Files\harfbuzz</Filter>
    </ClCompile>
    <ClCompile Include="src\harfbuzz\hb-directwrite.cc">
      <Filter>Source Files\harfbuzz</Filter>
    </ClCompile>
    <ClCompile Include="src\harfbuzz\hb-draw.cc">
      <Filter>Source Files\harfbuzz</Filter>
    </ClCompile>
    <ClCompile Include="src\harfbuzz\hb-face.cc">
      <Filter>Source Files\harfbuzz</Filter>
    </ClCompile>
    <ClCompile Include="src\harfbuzz\hb-fallback-shape.cc">
      <Filter>Source Files\harfbuzz</Filter>
    </ClCompile>
    <ClCompile Include="src\harfbuzz\hb-font.cc">
      <Filter>Source Files\harfbuzz</Filter>
    </ClCompile>
    <ClCompile Include="src\harfbuzz\hb-ft.cc">
      <Filter>Source Files\harfbuzz</Filter>
    </ClCompile>
    <ClCompile Include="src\harfbuzz\hb-gdi.cc">
      <Filter>Source Files\harfbuzz</Filter>
    </ClCompile>
    <ClCompile Include="src\harfbuzz\hb-glib.cc">
      <Filter>Source Files\harfbuzz</Filter>
    </ClCompile>
    <ClCompile Include="src\harfbuzz\hb-gobject-structs.cc">
      <Filter>Source Files\harfbuzz</Filter>
    </ClCompile>
    <ClCompile Include="src\harfbuzz\hb-graphite2.cc">
      <Filter>Source Files\harfbuzz</Filter>
    </ClCompile>
    <ClCompile Include="src\harfbuzz\hb-icu.cc">
      <Filter>Source Files\harfbuzz</Filter>
    </ClCompile>
    <ClCompile Include="src\harfbuzz\hb-map.cc">
      <Filter>Source Files\harfbuzz</Filter>
    </ClCompile>
    <ClCompile Include="src\harfbuzz\hb-ms-feature-ranges.cc">
      <Filter>Source Files\harfbuzz</Filter>
    </ClCompile>
    <ClCompile Include="src\harfbuzz\hb-number.cc">
      <Filter>Source Files\harfbuzz</Filter>
    </ClCompile>
    <ClCompile Include="src\harfbuzz\hb-ot-cff1-table.cc">
      <Filter>Source Files\harfbuzz</Filter>
    </ClCompile>
    <ClCompile Include="src\harfbuzz\hb-ot-cff2-table.cc">
      <Filter>Source Files\harfbuzz</Filter>
    </ClCompile>
    <ClCompile Include="src\harfbuzz\hb-ot-color.cc">
      <Filter>Source Files\harfbuzz</Filter>
    </ClCompile>
    <ClCompile Include="src\harfbuzz\hb-ot-face.cc">
      <Filter>Source Files\harfbuzz</Filter>
    </ClCompile>
    <ClCompile Include="src\harfbuzz\hb-ot-font.cc">
      <Filter>Source Files\harfbuzz</Filter>
    </ClCompile>
    <ClCompile Include="src\harfbuzz\hb-ot-layout.cc">
      <Filter>Source Files\harfbuzz</Filter>
    </ClCompile>
    <ClCompile Include="src\harfbuzz\hb-ot-map.cc">
      <Filter>Source Files\harfbuzz</Filter>
    </ClCompile>
    <ClCompile Include="src\harfbuzz\hb-ot-math.cc">
      <Filter>Source Files\harfbuzz</Filter>
    </ClCompile>
    <ClCompile Include="src\harfbuzz\hb-ot-meta.cc">
      <Filter>Source Files\harfbuzz</Filter>
    </ClCompile>
    <ClCompile Include="src\harfbuzz\hb-ot-metrics.cc">
      <Filter>Source Files\harfbuzz</Filter>
    </ClCompile>
    <ClCompile Include="src\harfbuzz\hb-ot-name.cc">
      <Filter>Source Files\harfbuzz</Filter>
    </ClCompile>
    <ClCompile Include="src\harfbuzz\hb-ot-shape.cc">
      <Filter>Source Files\harfbuzz</Filter>
    </ClCompile>
    <ClCompile Include="src\harfbuzz\hb-ot-shape-complex-arabic.cc">
      <Filter>Source Files\harfbuzz</Filter>
    </ClCompile>
    <ClCompile Include="src\harfbuzz\hb-ot-shape-complex-default.cc">
      <Filter>Source Files\harfbuzz</Filter>
    </ClCompile>
    <ClCompile Include="src\harfbuzz\hb-ot-shape-complex-hangul.cc">
      <Filter>Source Files\harfbuzz</Filter>
    </ClCompile>
    <ClCompile Include="src\harfbuzz\hb-ot-shape-complex-hebrew.cc">
      <Filter>Source Files\harfbuzz</Filter>
    </ClCompile>
    <ClCompile Include="src\harfbuzz\hb-ot-shape-complex-indic.cc">
      <Filter>Source Files\harfbuzz</Filter>
    </ClCompile>
    <ClCompile Include="src\harfbuzz\hb-ot-shape-complex-indic-table.cc">
      <Filter>Source Files\harfbuzz</Filter>
    </ClCompile>
    <ClCompile Include="src\harfbuzz\hb-ot-shape-complex-khmer.cc">
      <Filter>Source Files\harfbuzz</Filter>
    </ClCompile>
    <ClCompile Include="src\harfbuzz\hb-ot-shape-complex-myanmar.cc">
      <Filter>Source Files\harfbuzz</Filter>
    </ClCompile>
    <ClCompile Include="src\harfbuzz\hb-ot-shape-complex-syllabic.cc">
      <Filter>Source Files\harfbuzz</Filter>
    </ClCompile>
    <ClCompile Include="src\harfbuzz\hb-ot-shape-complex-thai.cc">
      <Filter>Source Files\harfbuzz</Filter>
    </ClCompile>
    <ClCompile Include="src\harfbuzz\hb-ot-shape-complex-use.cc">
      <Filter>Source Files\harfbuzz</Filter>
    </ClCompile>
    <ClCompile Include="src\harfbuzz\hb-ot-shape-complex-vowel-constraints.cc">
      <Filter>Source Files\harfbuzz</Filter>
    </ClCompile>
    <ClCompile Include="src\harfbuzz\hb-ot-shape-fallback.cc">
      <Filter>Source Files\harfbuzz</Filter>
    </ClCompile>
    <ClCompile Include="src\harfbuzz\hb-ot-shape-normalize.cc">
      <Filter>Source Files\harfbuzz</Filter>
    </ClCompile>
    <ClCompile Include="src\harfbuzz\hb-ot-tag.cc">
      <Filter>Source Files\harfbuzz</Filter>
    </ClCompile>
    <ClCompile Include="src\harfbuzz\hb-ot-var.cc">
      <Filter>Source Files\harfbuzz</Filter>
    </ClCompile>
    <ClCompile Include="src\harfbuzz\hb-set.cc">
      <Filter>Source Files\harfbuzz</Filter>
    </ClCompile>
    <ClCompile Include="src\harfbuzz\hb-shape.cc">
      <Filter>Source Files\harfbuzz</Filter>
    </ClCompile>
    <ClCompile Include="src\harfbuzz\hb-shape-plan.cc">
      <Filter>Source Files\harfbuzz</Filter>
    </ClCompile>
    <ClCompile Include="src\harfbuzz\hb-shaper.cc">
      <Filter>Source Files\harfbuzz</Filter>
    </ClCompile>
    <ClCompile Include="src\harfbuzz\hb-static.cc">
      <Filter>Source Files\harfbuzz</Filter>
    </ClCompile>
    <ClCompile Include="src\harfbuzz\hb-style.cc">
      <Filter>Source Files\harfbuzz</Filter>
    </ClCompile>
    <ClCompile Include="src\harfbuzz\hb-subset.cc">
      <Filter>Source Files\harfbuzz</Filter>
    </ClCompile>
    <ClCompile Include="src\harfbuzz\hb-subset-cff1.cc">
      <Filter>Source Files\harfbuzz</Filter>
    </ClCompile>
    <ClCompile Include="src\harfbuzz\hb-subset-cff2.cc">
      <Filter>Source Files\harfbuzz</Filter>
    </ClCompile>
    <ClCompile Include="src\harfbuzz\hb-subset-cff-common.cc">
      <Filter>Source Files\harfbuzz</Filter>
    </ClCompile>
    <ClCompile Include="src\harfbuzz\hb-subset-input.cc">
      <Filter>Source Files\harfbuzz</Filter>
    </ClCompile>
    <ClCompile Include="src\harfbuzz\hb-subset-plan.cc">
      <Filter>Source Files\harfbuzz</Filter>
    </ClCompile>
    <ClCompile Include="src\harfbuzz\hb-ucd.cc">
      <Filter>Source Files\harfbuzz</Filter>
    </ClCompile>
    <ClCompile Include="src\harfbuzz\hb-unicode.cc">
      <Filter>Source Files\harfbuzz</Filter>
    </ClCompile>
    <ClCompile Include="src\harfbuzz\hb-uniscribe.cc">
      <Filter>Source Files\harfbuzz</Filter>
    </ClCompile>
    <ClCompile Include="src\stbi.cpp">
      <Filter>Source Files</Filter>
    </ClCompile>
    <ClCompile Include="src\utils.cpp">
      <Filter>Source Files</Filter>
    </ClCompile>
  </ItemGroup>
  <ItemGroup>
    <ClInclude Include="src\freetype.h">
      <Filter>Header Files</Filter>
    </ClInclude>
    <ClInclude Include="src\harfbuzz.h">
      <Filter>Header Files</Filter>
    </ClInclude>
    <ClInclude Include="src\harfbuzz\hb.h">
      <Filter>Source Files\harfbuzz</Filter>
    </ClInclude>
    <ClInclude Include="src\harfbuzz\hb.hh">
      <Filter>Source Files\harfbuzz</Filter>
    </ClInclude>
    <ClInclude Include="src\harfbuzz\hb-aat.h">
      <Filter>Source Files\harfbuzz</Filter>
    </ClInclude>
    <ClInclude Include="src\harfbuzz\hb-aat-layout.h">
      <Filter>Source Files\harfbuzz</Filter>
    </ClInclude>
    <ClInclude Include="src\harfbuzz\hb-aat-layout.hh">
      <Filter>Source Files\harfbuzz</Filter>
    </ClInclude>
    <ClInclude Include="src\harfbuzz\hb-aat-layout-ankr-table.hh">
      <Filter>Source Files\harfbuzz</Filter>
    </ClInclude>
    <ClInclude Include="src\harfbuzz\hb-aat-layout-bsln-table.hh">
      <Filter>Source Files\harfbuzz</Filter>
    </ClInclude>
    <ClInclude Include="src\harfbuzz\hb-aat-layout-common.hh">
      <Filter>Source Files\harfbuzz</Filter>
    </ClInclude>
    <ClInclude Include="src\harfbuzz\hb-aat-layout-feat-table.hh">
      <Filter>Source Files\harfbuzz</Filter>
    </ClInclude>
    <ClInclude Include="src\harfbuzz\hb-aat-layout-just-table.hh">
      <Filter>Source Files\harfbuzz</Filter>
    </ClInclude>
    <ClInclude Include="src\harfbuzz\hb-aat-layout-kerx-table.hh">
      <Filter>Source Files\harfbuzz</Filter>
    </ClInclude>
    <ClInclude Include="src\harfbuzz\hb-aat-layout-morx-table.hh">
      <Filter>Source Files\harfbuzz</Filter>
    </ClInclude>
    <ClInclude Include="src\harfbuzz\hb-aat-layout-opbd-table.hh">
      <Filter>Source Files\harfbuzz</Filter>
    </ClInclude>
    <ClInclude Include="src\harfbuzz\hb-aat-layout-trak-table.hh">
      <Filter>Source Files\harfbuzz</Filter>
    </ClInclude>
    <ClInclude Include="src\harfbuzz\hb-aat-ltag-table.hh">
      <Filter>Source Files\harfbuzz</Filter>
    </ClInclude>
    <ClInclude Include="src\harfbuzz\hb-aat-map.hh">
      <Filter>Source Files\harfbuzz</Filter>
    </ClInclude>
    <ClInclude Include="src\harfbuzz\hb-algs.hh">
      <Filter>Source Files\harfbuzz</Filter>
    </ClInclude>
    <ClInclude Include="src\harfbuzz\hb-array.hh">
      <Filter>Source Files\harfbuzz</Filter>
    </ClInclude>
    <ClInclude Include="src\harfbuzz\hb-atomic.hh">
      <Filter>Source Files\harfbuzz</Filter>
    </ClInclude>
    <ClInclude Include="src\harfbuzz\hb-bimap.hh">
      <Filter>Source Files\harfbuzz</Filter>
    </ClInclude>
    <ClInclude Include="src\harfbuzz\hb-bit-page.hh">
      <Filter>Source Files\harfbuzz</Filter>
    </ClInclude>
    <ClInclude Include="src\harfbuzz\hb-bit-set.hh">
      <Filter>Source Files\harfbuzz</Filter>
    </ClInclude>
    <ClInclude Include="src\harfbuzz\hb-bit-set-invertible.hh">
      <Filter>Source Files\harfbuzz</Filter>
    </ClInclude>
    <ClInclude Include="src\harfbuzz\hb-blob.h">
      <Filter>Source Files\harfbuzz</Filter>
    </ClInclude>
    <ClInclude Include="src\harfbuzz\hb-blob.hh">
      <Filter>Source Files\harfbuzz</Filter>
    </ClInclude>
    <ClInclude Include="src\harfbuzz\hb-buffer.h">
      <Filter>Source Files\harfbuzz</Filter>
    </ClInclude>
    <ClInclude Include="src\harfbuzz\hb-buffer.hh">
      <Filter>Source Files\harfbuzz</Filter>
    </ClInclude>
    <ClInclude Include="src\harfbuzz\hb-buffer-deserialize-json.hh">
      <Filter>Source Files\harfbuzz</Filter>
    </ClInclude>
    <ClInclude Include="src\harfbuzz\hb-buffer-deserialize-text.hh">
      <Filter>Source Files\harfbuzz</Filter>
    </ClInclude>
    <ClInclude Include="src\harfbuzz\hb-cache.hh">
      <Filter>Source Files\harfbuzz</Filter>
    </ClInclude>
    <ClInclude Include="src\harfbuzz\hb-cff1-interp-cs.hh">
      <Filter>Source Files\harfbuzz</Filter>
    </ClInclude>
    <ClInclude Include="src\harfbuzz\hb-cff2-interp-cs.hh">
      <Filter>Source Files\harfbuzz</Filter>
    </ClInclude>
    <ClInclude Include="src\harfbuzz\hb-cff-interp-common.hh">
      <Filter>Source Files\harfbuzz</Filter>
    </ClInclude>
    <ClInclude Include="src\harfbuzz\hb-cff-interp-cs-common.hh">
      <Filter>Source Files\harfbuzz</Filter>
    </ClInclude>
    <ClInclude Include="src\harfbuzz\hb-cff-interp-dict-common.hh">
      <Filter>Source Files\harfbuzz</Filter>
    </ClInclude>
    <ClInclude Include="src\harfbuzz\hb-common.h">
      <Filter>Source Files\harfbuzz</Filter>
    </ClInclude>
    <ClInclude Include="src\harfbuzz\hb-config.hh">
      <Filter>Source Files\harfbuzz</Filter>
    </ClInclude>
    <ClInclude Include="src\harfbuzz\hb-coretext.h">
      <Filter>Source Files\harfbuzz</Filter>
    </ClInclude>
    <ClInclude Include="src\harfbuzz\hb-debug.hh">
      <Filter>Source Files\harfbuzz</Filter>
    </ClInclude>
    <ClInclude Include="src\harfbuzz\hb-deprecated.h">
      <Filter>Source Files\harfbuzz</Filter>
    </ClInclude>
    <ClInclude Include="src\harfbuzz\hb-directwrite.h">
      <Filter>Source Files\harfbuzz</Filter>
    </ClInclude>
    <ClInclude Include="src\harfbuzz\hb-dispatch.hh">
      <Filter>Source Files\harfbuzz</Filter>
    </ClInclude>
    <ClInclude Include="src\harfbuzz\hb-draw.h">
      <Filter>Source Files\harfbuzz</Filter>
    </ClInclude>
    <ClInclude Include="src\harfbuzz\hb-draw.hh">
      <Filter>Source Files\harfbuzz</Filter>
    </ClInclude>
    <ClInclude Include="src\harfbuzz\hb-face.h">
      <Filter>Source Files\harfbuzz</Filter>
    </ClInclude>
    <ClInclude Include="src\harfbuzz\hb-face.hh">
      <Filter>Source Files\harfbuzz</Filter>
    </ClInclude>
    <ClInclude Include="src\harfbuzz\hb-font.h">
      <Filter>Source Files\harfbuzz</Filter>
    </ClInclude>
    <ClInclude Include="src\harfbuzz\hb-font.hh">
      <Filter>Source Files\harfbuzz</Filter>
    </ClInclude>
    <ClInclude Include="src\harfbuzz\hb-ft.h">
      <Filter>Source Files\harfbuzz</Filter>
    </ClInclude>
    <ClInclude Include="src\harfbuzz\hb-gdi.h">
      <Filter>Source Files\harfbuzz</Filter>
    </ClInclude>
    <ClInclude Include="src\harfbuzz\hb-glib.h">
      <Filter>Source Files\harfbuzz</Filter>
    </ClInclude>
    <ClInclude Include="src\harfbuzz\hb-gobject.h">
      <Filter>Source Files\harfbuzz</Filter>
    </ClInclude>
    <ClInclude Include="src\harfbuzz\hb-gobject-structs.h">
      <Filter>Source Files\harfbuzz</Filter>
    </ClInclude>
    <ClInclude Include="src\harfbuzz\hb-graphite2.h">
      <Filter>Source Files\harfbuzz</Filter>
    </ClInclude>
    <ClInclude Include="src\harfbuzz\hb-icu.h">
      <Filter>Source Files\harfbuzz</Filter>
    </ClInclude>
    <ClInclude Include="src\harfbuzz\hb-iter.hh">
      <Filter>Source Files\harfbuzz</Filter>
    </ClInclude>
    <ClInclude Include="src\harfbuzz\hb-kern.hh">
      <Filter>Source Files\harfbuzz</Filter>
    </ClInclude>
    <ClInclude Include="src\harfbuzz\hb-machinery.hh">
      <Filter>Source Files\harfbuzz</Filter>
    </ClInclude>
    <ClInclude Include="src\harfbuzz\hb-map.h">
      <Filter>Source Files\harfbuzz</Filter>
    </ClInclude>
    <ClInclude Include="src\harfbuzz\hb-map.hh">
      <Filter>Source Files\harfbuzz</Filter>
    </ClInclude>
    <ClInclude Include="src\harfbuzz\hb-meta.hh">
      <Filter>Source Files\harfbuzz</Filter>
    </ClInclude>
    <ClInclude Include="src\harfbuzz\hb-ms-feature-ranges.hh">
      <Filter>Source Files\harfbuzz</Filter>
    </ClInclude>
    <ClInclude Include="src\harfbuzz\hb-mutex.hh">
      <Filter>Source Files\harfbuzz</Filter>
    </ClInclude>
    <ClInclude Include="src\harfbuzz\hb-null.hh">
      <Filter>Source Files\harfbuzz</Filter>
    </ClInclude>
    <ClInclude Include="src\harfbuzz\hb-number.hh">
      <Filter>Source Files\harfbuzz</Filter>
    </ClInclude>
    <ClInclude Include="src\harfbuzz\hb-number-parser.hh">
      <Filter>Source Files\harfbuzz</Filter>
    </ClInclude>
    <ClInclude Include="src\harfbuzz\hb-object.hh">
      <Filter>Source Files\harfbuzz</Filter>
    </ClInclude>
    <ClInclude Include="src\harfbuzz\hb-open-file.hh">
      <Filter>Source Files\harfbuzz</Filter>
    </ClInclude>
    <ClInclude Include="src\harfbuzz\hb-open-type.hh">
      <Filter>Source Files\harfbuzz</Filter>
    </ClInclude>
    <ClInclude Include="src\harfbuzz\hb-ot.h">
      <Filter>Source Files\harfbuzz</Filter>
    </ClInclude>
    <ClInclude Include="src\harfbuzz\hb-ot-cff1-std-str.hh">
      <Filter>Source Files\harfbuzz</Filter>
    </ClInclude>
    <ClInclude Include="src\harfbuzz\hb-ot-cff1-table.hh">
      <Filter>Source Files\harfbuzz</Filter>
    </ClInclude>
    <ClInclude Include="src\harfbuzz\hb-ot-cff2-table.hh">
      <Filter>Source Files\harfbuzz</Filter>
    </ClInclude>
    <ClInclude Include="src\harfbuzz\hb-ot-cff-common.hh">
      <Filter>Source Files\harfbuzz</Filter>
    </ClInclude>
    <ClInclude Include="src\harfbuzz\hb-ot-cmap-table.hh">
      <Filter>Source Files\harfbuzz</Filter>
    </ClInclude>
    <ClInclude Include="src\harfbuzz\hb-ot-color.h">
      <Filter>Source Files\harfbuzz</Filter>
    </ClInclude>
    <ClInclude Include="src\harfbuzz\hb-ot-color-cbdt-table.hh">
      <Filter>Source Files\harfbuzz</Filter>
    </ClInclude>
    <ClInclude Include="src\harfbuzz\hb-ot-color-colr-table.hh">
      <Filter>Source Files\harfbuzz</Filter>
    </ClInclude>
    <ClInclude Include="src\harfbuzz\hb-ot-color-colrv1-closure.hh">
      <Filter>Source Files\harfbuzz</Filter>
    </ClInclude>
    <ClInclude Include="src\harfbuzz\hb-ot-color-cpal-table.hh">
      <Filter>Source Files\harfbuzz</Filter>
    </ClInclude>
    <ClInclude Include="src\harfbuzz\hb-ot-color-sbix-table.hh">
      <Filter>Source Files\harfbuzz</Filter>
    </ClInclude>
    <ClInclude Include="src\harfbuzz\hb-ot-color-svg-table.hh">
      <Filter>Source Files\harfbuzz</Filter>
    </ClInclude>
    <ClInclude Include="src\harfbuzz\hb-ot-deprecated.h">
      <Filter>Source Files\harfbuzz</Filter>
    </ClInclude>
    <ClInclude Include="src\harfbuzz\hb-ot-face.hh">
      <Filter>Source Files\harfbuzz</Filter>
    </ClInclude>
    <ClInclude Include="src\harfbuzz\hb-ot-face-table-list.hh">
      <Filter>Source Files\harfbuzz</Filter>
    </ClInclude>
    <ClInclude Include="src\harfbuzz\hb-ot-font.h">
      <Filter>Source Files\harfbuzz</Filter>
    </ClInclude>
    <ClInclude Include="src\harfbuzz\hb-ot-gasp-table.hh">
      <Filter>Source Files\harfbuzz</Filter>
    </ClInclude>
    <ClInclude Include="src\harfbuzz\hb-ot-glyf-table.hh">
      <Filter>Source Files\harfbuzz</Filter>
    </ClInclude>
    <ClInclude Include="src\harfbuzz\hb-ot-hdmx-table.hh">
      <Filter>Source Files\harfbuzz</Filter>
    </ClInclude>
    <ClInclude Include="src\harfbuzz\hb-ot-head-table.hh">
      <Filter>Source Files\harfbuzz</Filter>
    </ClInclude>
    <ClInclude Include="src\harfbuzz\hb-ot-hhea-table.hh">
      <Filter>Source Files\harfbuzz</Filter>
    </ClInclude>
    <ClInclude Include="src\harfbuzz\hb-ot-hmtx-table.hh">
      <Filter>Source Files\harfbuzz</Filter>
    </ClInclude>
    <ClInclude Include="src\harfbuzz\hb-ot-kern-table.hh">
      <Filter>Source Files\harfbuzz</Filter>
    </ClInclude>
    <ClInclude Include="src\harfbuzz\hb-ot-layout.h">
      <Filter>Source Files\harfbuzz</Filter>
    </ClInclude>
    <ClInclude Include="src\harfbuzz\hb-ot-layout.hh">
      <Filter>Source Files\harfbuzz</Filter>
    </ClInclude>
    <ClInclude Include="src\harfbuzz\hb-ot-layout-base-table.hh">
      <Filter>Source Files\harfbuzz</Filter>
    </ClInclude>
    <ClInclude Include="src\harfbuzz\hb-ot-layout-common.hh">
      <Filter>Source Files\harfbuzz</Filter>
    </ClInclude>
    <ClInclude Include="src\harfbuzz\hb-ot-layout-gdef-table.hh">
      <Filter>Source Files\harfbuzz</Filter>
    </ClInclude>
    <ClInclude Include="src\harfbuzz\hb-ot-layout-gpos-table.hh">
      <Filter>Source Files\harfbuzz</Filter>
    </ClInclude>
    <ClInclude Include="src\harfbuzz\hb-ot-layout-gsubgpos.hh">
      <Filter>Source Files\harfbuzz</Filter>
    </ClInclude>
    <ClInclude Include="src\harfbuzz\hb-ot-layout-gsub-table.hh">
      <Filter>Source Files\harfbuzz</Filter>
    </ClInclude>
    <ClInclude Include="src\harfbuzz\hb-ot-layout-jstf-table.hh">
      <Filter>Source Files\harfbuzz</Filter>
    </ClInclude>
    <ClInclude Include="src\harfbuzz\hb-ot-map.hh">
      <Filter>Source Files\harfbuzz</Filter>
    </ClInclude>
    <ClInclude Include="src\harfbuzz\hb-ot-math.h">
      <Filter>Source Files\harfbuzz</Filter>
    </ClInclude>
    <ClInclude Include="src\harfbuzz\hb-ot-math-table.hh">
      <Filter>Source Files\harfbuzz</Filter>
    </ClInclude>
    <ClInclude Include="src\harfbuzz\hb-ot-maxp-table.hh">
      <Filter>Source Files\harfbuzz</Filter>
    </ClInclude>
    <ClInclude Include="src\harfbuzz\hb-ot-meta.h">
      <Filter>Source Files\harfbuzz</Filter>
    </ClInclude>
    <ClInclude Include="src\harfbuzz\hb-ot-meta-table.hh">
      <Filter>Source Files\harfbuzz</Filter>
    </ClInclude>
    <ClInclude Include="src\harfbuzz\hb-ot-metrics.h">
      <Filter>Source Files\harfbuzz</Filter>
    </ClInclude>
    <ClInclude Include="src\harfbuzz\hb-ot-metrics.hh">
      <Filter>Source Files\harfbuzz</Filter>
    </ClInclude>
    <ClInclude Include="src\harfbuzz\hb-ot-name.h">
      <Filter>Source Files\harfbuzz</Filter>
    </ClInclude>
    <ClInclude Include="src\harfbuzz\hb-ot-name-language.hh">
      <Filter>Source Files\harfbuzz</Filter>
    </ClInclude>
    <ClInclude Include="src\harfbuzz\hb-ot-name-language-static.hh">
      <Filter>Source Files\harfbuzz</Filter>
    </ClInclude>
    <ClInclude Include="src\harfbuzz\hb-ot-name-table.hh">
      <Filter>Source Files\harfbuzz</Filter>
    </ClInclude>
    <ClInclude Include="src\harfbuzz\hb-ot-os2-table.hh">
      <Filter>Source Files\harfbuzz</Filter>
    </ClInclude>
    <ClInclude Include="src\harfbuzz\hb-ot-os2-unicode-ranges.hh">
      <Filter>Source Files\harfbuzz</Filter>
    </ClInclude>
    <ClInclude Include="src\harfbuzz\hb-ot-post-macroman.hh">
      <Filter>Source Files\harfbuzz</Filter>
    </ClInclude>
    <ClInclude Include="src\harfbuzz\hb-ot-post-table.hh">
      <Filter>Source Files\harfbuzz</Filter>
    </ClInclude>
    <ClInclude Include="src\harfbuzz\hb-ot-post-table-v2subset.hh">
      <Filter>Source Files\harfbuzz</Filter>
    </ClInclude>
    <ClInclude Include="src\harfbuzz\hb-ot-shape.h">
      <Filter>Source Files\harfbuzz</Filter>
    </ClInclude>
    <ClInclude Include="src\harfbuzz\hb-ot-shape.hh">
      <Filter>Source Files\harfbuzz</Filter>
    </ClInclude>
    <ClInclude Include="src\harfbuzz\hb-ot-shape-complex.hh">
      <Filter>Source Files\harfbuzz</Filter>
    </ClInclude>
    <ClInclude Include="src\harfbuzz\hb-ot-shape-complex-arabic.hh">
      <Filter>Source Files\harfbuzz</Filter>
    </ClInclude>
    <ClInclude Include="src\harfbuzz\hb-ot-shape-complex-arabic-fallback.hh">
      <Filter>Source Files\harfbuzz</Filter>
    </ClInclude>
    <ClInclude Include="src\harfbuzz\hb-ot-shape-complex-arabic-joining-list.hh">
      <Filter>Source Files\harfbuzz</Filter>
    </ClInclude>
    <ClInclude Include="src\harfbuzz\hb-ot-shape-complex-arabic-table.hh">
      <Filter>Source Files\harfbuzz</Filter>
    </ClInclude>
    <ClInclude Include="src\harfbuzz\hb-ot-shape-complex-arabic-win1256.hh">
      <Filter>Source Files\harfbuzz</Filter>
    </ClInclude>
    <ClInclude Include="src\harfbuzz\hb-ot-shape-complex-indic.hh">
      <Filter>Source Files\harfbuzz</Filter>
    </ClInclude>
    <ClInclude Include="src\harfbuzz\hb-ot-shape-complex-indic-machine.hh">
      <Filter>Source Files\harfbuzz</Filter>
    </ClInclude>
    <ClInclude Include="src\harfbuzz\hb-ot-shape-complex-khmer.hh">
      <Filter>Source Files\harfbuzz</Filter>
    </ClInclude>
    <ClInclude Include="src\harfbuzz\hb-ot-shape-complex-khmer-machine.hh">
      <Filter>Source Files\harfbuzz</Filter>
    </ClInclude>
    <ClInclude Include="src\harfbuzz\hb-ot-shape-complex-myanmar.hh">
      <Filter>Source Files\harfbuzz</Filter>
    </ClInclude>
    <ClInclude Include="src\harfbuzz\hb-ot-shape-complex-myanmar-machine.hh">
      <Filter>Source Files\harfbuzz</Filter>
    </ClInclude>
    <ClInclude Include="src\harfbuzz\hb-ot-shape-complex-syllabic.hh">
      <Filter>Source Files\harfbuzz</Filter>
    </ClInclude>
    <ClInclude Include="src\harfbuzz\hb-ot-shape-complex-use-machine.hh">
      <Filter>Source Files\harfbuzz</Filter>
    </ClInclude>
    <ClInclude Include="src\harfbuzz\hb-ot-shape-complex-use-table.hh">
      <Filter>Source Files\harfbuzz</Filter>
    </ClInclude>
    <ClInclude Include="src\harfbuzz\hb-ot-shape-complex-vowel-constraints.hh">
      <Filter>Source Files\harfbuzz</Filter>
    </ClInclude>
    <ClInclude Include="src\harfbuzz\hb-ot-shape-fallback.hh">
      <Filter>Source Files\harfbuzz</Filter>
    </ClInclude>
    <ClInclude Include="src\harfbuzz\hb-ot-shape-normalize.hh">
      <Filter>Source Files\harfbuzz</Filter>
    </ClInclude>
    <ClInclude Include="src\harfbuzz\hb-ot-stat-table.hh">
      <Filter>Source Files\harfbuzz</Filter>
    </ClInclude>
    <ClInclude Include="src\harfbuzz\hb-ot-tag-table.hh">
      <Filter>Source Files\harfbuzz</Filter>
    </ClInclude>
    <ClInclude Include="src\harfbuzz\hb-ot-var.h">
      <Filter>Source Files\harfbuzz</Filter>
    </ClInclude>
    <ClInclude Include="src\harfbuzz\hb-ot-var-avar-table.hh">
      <Filter>Source Files\harfbuzz</Filter>
    </ClInclude>
    <ClInclude Include="src\harfbuzz\hb-ot-var-common.hh">
      <Filter>Source Files\harfbuzz</Filter>
    </ClInclude>
    <ClInclude Include="src\harfbuzz\hb-ot-var-fvar-table.hh">
      <Filter>Source Files\harfbuzz</Filter>
    </ClInclude>
    <ClInclude Include="src\harfbuzz\hb-ot-var-gvar-table.hh">
      <Filter>Source Files\harfbuzz</Filter>
    </ClInclude>
    <ClInclude Include="src\harfbuzz\hb-ot-var-hvar-table.hh">
      <Filter>Source Files\harfbuzz</Filter>
    </ClInclude>
    <ClInclude Include="src\harfbuzz\hb-ot-var-mvar-table.hh">
      <Filter>Source Files\harfbuzz</Filter>
    </ClInclude>
    <ClInclude Include="src\harfbuzz\hb-ot-vorg-table.hh">
      <Filter>Source Files\harfbuzz</Filter>
    </ClInclude>
    <ClInclude Include="src\harfbuzz\hb-pool.hh">
      <Filter>Source Files\harfbuzz</Filter>
    </ClInclude>
    <ClInclude Include="src\harfbuzz\hb-priority-queue.hh">
      <Filter>Source Files\harfbuzz</Filter>
    </ClInclude>
    <ClInclude Include="src\harfbuzz\hb-repacker.hh">
      <Filter>Source Files\harfbuzz</Filter>
    </ClInclude>
    <ClInclude Include="src\harfbuzz\hb-sanitize.hh">
      <Filter>Source Files\harfbuzz</Filter>
    </ClInclude>
    <ClInclude Include="src\harfbuzz\hb-serialize.hh">
      <Filter>Source Files\harfbuzz</Filter>
    </ClInclude>
    <ClInclude Include="src\harfbuzz\hb-set.h">
      <Filter>Source Files\harfbuzz</Filter>
    </ClInclude>
    <ClInclude Include="src\harfbuzz\hb-set.hh">
      <Filter>Source Files\harfbuzz</Filter>
    </ClInclude>
    <ClInclude Include="src\harfbuzz\hb-set-digest.hh">
      <Filter>Source Files\harfbuzz</Filter>
    </ClInclude>
    <ClInclude Include="src\harfbuzz\hb-shape.h">
      <Filter>Source Files\harfbuzz</Filter>
    </ClInclude>
    <ClInclude Include="src\harfbuzz\hb-shape-plan.h">
      <Filter>Source Files\harfbuzz</Filter>
    </ClInclude>
    <ClInclude Include="src\harfbuzz\hb-shape-plan.hh">
      <Filter>Source Files\harfbuzz</Filter>
    </ClInclude>
    <ClInclude Include="src\harfbuzz\hb-shaper.hh">
      <Filter>Source Files\harfbuzz</Filter>
    </ClInclude>
    <ClInclude Include="src\harfbuzz\hb-shaper-impl.hh">
      <Filter>Source Files\harfbuzz</Filter>
    </ClInclude>
    <ClInclude Include="src\harfbuzz\hb-shaper-list.hh">
      <Filter>Source Files\harfbuzz</Filter>
    </ClInclude>
    <ClInclude Include="src\harfbuzz\hb-string-array.hh">
      <Filter>Source Files\harfbuzz</Filter>
    </ClInclude>
    <ClInclude Include="src\harfbuzz\hb-style.h">
      <Filter>Source Files\harfbuzz</Filter>
    </ClInclude>
    <ClInclude Include="src\harfbuzz\hb-subset.h">
      <Filter>Source Files\harfbuzz</Filter>
    </ClInclude>
    <ClInclude Include="src\harfbuzz\hb-subset.hh">
      <Filter>Source Files\harfbuzz</Filter>
    </ClInclude>
    <ClInclude Include="src\harfbuzz\hb-subset-cff1.hh">
      <Filter>Source Files\harfbuzz</Filter>
    </ClInclude>
    <ClInclude Include="src\harfbuzz\hb-subset-cff2.hh">
      <Filter>Source Files\harfbuzz</Filter>
    </ClInclude>
    <ClInclude Include="src\harfbuzz\hb-subset-cff-common.hh">
      <Filter>Source Files\harfbuzz</Filter>
    </ClInclude>
    <ClInclude Include="src\harfbuzz\hb-subset-input.hh">
      <Filter>Source Files\harfbuzz</Filter>
    </ClInclude>
    <ClInclude Include="src\harfbuzz\hb-subset-plan.hh">
      <Filter>Source Files\harfbuzz</Filter>
    </ClInclude>
    <ClInclude Include="src\harfbuzz\hb-ucd-table.hh">
      <Filter>Source Files\harfbuzz</Filter>
    </ClInclude>
    <ClInclude Include="src\harfbuzz\hb-unicode.h">
      <Filter>Source Files\harfbuzz</Filter>
    </ClInclude>
    <ClInclude Include="src\harfbuzz\hb-unicode.hh">
      <Filter>Source Files\harfbuzz</Filter>
    </ClInclude>
    <ClInclude Include="src\harfbuzz\hb-unicode-emoji-table.hh">
      <Filter>Source Files\harfbuzz</Filter>
    </ClInclude>
    <ClInclude Include="src\harfbuzz\hb-uniscribe.h">
      <Filter>Source Files\harfbuzz</Filter>
    </ClInclude>
    <ClInclude Include="src\harfbuzz\hb-utf.hh">
      <Filter>Source Files\harfbuzz</Filter>
    </ClInclude>
    <ClInclude Include="src\harfbuzz\hb-vector.hh">
      <Filter>Source Files\harfbuzz</Filter>
    </ClInclude>
    <ClInclude Include="src\harfbuzz\hb-version.h">
      <Filter>Source Files\harfbuzz</Filter>
    </ClInclude>
    <ClInclude Include="src\stdafx.h">
      <Filter>Header Files</Filter>
    </ClInclude>
    <ClInclude Include="src\freetype\ft2build.h">
      <Filter>Source Files\freetype</Filter>
    </ClInclude>
    <ClInclude Include="src\freetype\dlg\dlg.h">
      <Filter>Source Files\freetype\dlg</Filter>
    </ClInclude>
    <ClInclude Include="src\freetype\dlg\output.h">
      <Filter>Source Files\freetype\dlg</Filter>
    </ClInclude>
    <ClInclude Include="src\freetype\freetype\freetype.h">
      <Filter>Source Files\freetype\freetype</Filter>
    </ClInclude>
    <ClInclude Include="src\freetype\freetype\ftadvanc.h">
      <Filter>Source Files\freetype\freetype</Filter>
    </ClInclude>
    <ClInclude Include="src\freetype\freetype\ftbbox.h">
      <Filter>Source Files\freetype\freetype</Filter>
    </ClInclude>
    <ClInclude Include="src\freetype\freetype\ftbdf.h">
      <Filter>Source Files\freetype\freetype</Filter>
    </ClInclude>
    <ClInclude Include="src\freetype\freetype\ftbitmap.h">
      <Filter>Source Files\freetype\freetype</Filter>
    </ClInclude>
    <ClInclude Include="src\freetype\freetype\ftbzip2.h">
      <Filter>Source Files\freetype\freetype</Filter>
    </ClInclude>
    <ClInclude Include="src\freetype\freetype\ftcache.h">
      <Filter>Source Files\freetype\freetype</Filter>
    </ClInclude>
    <ClInclude Include="src\freetype\freetype\ftchapters.h">
      <Filter>Source Files\freetype\freetype</Filter>
    </ClInclude>
    <ClInclude Include="src\freetype\freetype\ftcid.h">
      <Filter>Source Files\freetype\freetype</Filter>
    </ClInclude>
    <ClInclude Include="src\freetype\freetype\ftcolor.h">
      <Filter>Source Files\freetype\freetype</Filter>
    </ClInclude>
    <ClInclude Include="src\freetype\freetype\ftdriver.h">
      <Filter>Source Files\freetype\freetype</Filter>
    </ClInclude>
    <ClInclude Include="src\freetype\freetype\fterrdef.h">
      <Filter>Source Files\freetype\freetype</Filter>
    </ClInclude>
    <ClInclude Include="src\freetype\freetype\fterrors.h">
      <Filter>Source Files\freetype\freetype</Filter>
    </ClInclude>
    <ClInclude Include="src\freetype\freetype\ftfntfmt.h">
      <Filter>Source Files\freetype\freetype</Filter>
    </ClInclude>
    <ClInclude Include="src\freetype\freetype\ftgasp.h">
      <Filter>Source Files\freetype\freetype</Filter>
    </ClInclude>
    <ClInclude Include="src\freetype\freetype\ftglyph.h">
      <Filter>Source Files\freetype\freetype</Filter>
    </ClInclude>
    <ClInclude Include="src\freetype\freetype\ftgxval.h">
      <Filter>Source Files\freetype\freetype</Filter>
    </ClInclude>
    <ClInclude Include="src\freetype\freetype\ftgzip.h">
      <Filter>Source Files\freetype\freetype</Filter>
    </ClInclude>
    <ClInclude Include="src\freetype\freetype\ftimage.h">
      <Filter>Source Files\freetype\freetype</Filter>
    </ClInclude>
    <ClInclude Include="src\freetype\freetype\ftincrem.h">
      <Filter>Source Files\freetype\freetype</Filter>
    </ClInclude>
    <ClInclude Include="src\freetype\freetype\ftlcdfil.h">
      <Filter>Source Files\freetype\freetype</Filter>
    </ClInclude>
    <ClInclude Include="src\freetype\freetype\ftlist.h">
      <Filter>Source Files\freetype\freetype</Filter>
    </ClInclude>
    <ClInclude Include="src\freetype\freetype\ftlogging.h">
      <Filter>Source Files\freetype\freetype</Filter>
    </ClInclude>
    <ClInclude Include="src\freetype\freetype\ftlzw.h">
      <Filter>Source Files\freetype\freetype</Filter>
    </ClInclude>
    <ClInclude Include="src\freetype\freetype\ftmac.h">
      <Filter>Source Files\freetype\freetype</Filter>
    </ClInclude>
    <ClInclude Include="src\freetype\freetype\ftmm.h">
      <Filter>Source Files\freetype\freetype</Filter>
    </ClInclude>
    <ClInclude Include="src\freetype\freetype\ftmodapi.h">
      <Filter>Source Files\freetype\freetype</Filter>
    </ClInclude>
    <ClInclude Include="src\freetype\freetype\ftmoderr.h">
      <Filter>Source Files\freetype\freetype</Filter>
    </ClInclude>
    <ClInclude Include="src\freetype\freetype\ftotval.h">
      <Filter>Source Files\freetype\freetype</Filter>
    </ClInclude>
    <ClInclude Include="src\freetype\freetype\ftoutln.h">
      <Filter>Source Files\freetype\freetype</Filter>
    </ClInclude>
    <ClInclude Include="src\freetype\freetype\ftparams.h">
      <Filter>Source Files\freetype\freetype</Filter>
    </ClInclude>
    <ClInclude Include="src\freetype\freetype\ftpfr.h">
      <Filter>Source Files\freetype\freetype</Filter>
    </ClInclude>
    <ClInclude Include="src\freetype\freetype\ftrender.h">
      <Filter>Source Files\freetype\freetype</Filter>
    </ClInclude>
    <ClInclude Include="src\freetype\freetype\ftsizes.h">
      <Filter>Source Files\freetype\freetype</Filter>
    </ClInclude>
    <ClInclude Include="src\freetype\freetype\ftsnames.h">
      <Filter>Source Files\freetype\freetype</Filter>
    </ClInclude>
    <ClInclude Include="src\freetype\freetype\ftstroke.h">
      <Filter>Source Files\freetype\freetype</Filter>
    </ClInclude>
    <ClInclude Include="src\freetype\freetype\ftsynth.h">
      <Filter>Source Files\freetype\freetype</Filter>
    </ClInclude>
    <ClInclude Include="src\freetype\freetype\ftsystem.h">
      <Filter>Source Files\freetype\freetype</Filter>
    </ClInclude>
    <ClInclude Include="src\freetype\freetype\fttrigon.h">
      <Filter>Source Files\freetype\freetype</Filter>
    </ClInclude>
    <ClInclude Include="src\freetype\freetype\fttypes.h">
      <Filter>Source Files\freetype\freetype</Filter>
    </ClInclude>
    <ClInclude Include="src\freetype\freetype\ftwinfnt.h">
      <Filter>Source Files\freetype\freetype</Filter>
    </ClInclude>
    <ClInclude Include="src\freetype\freetype\t1tables.h">
      <Filter>Source Files\freetype\freetype</Filter>
    </ClInclude>
    <ClInclude Include="src\freetype\freetype\ttnameid.h">
      <Filter>Source Files\freetype\freetype</Filter>
    </ClInclude>
    <ClInclude Include="src\freetype\freetype\tttables.h">
      <Filter>Source Files\freetype\freetype</Filter>
    </ClInclude>
    <ClInclude Include="src\freetype\freetype\tttags.h">
      <Filter>Source Files\freetype\freetype</Filter>
    </ClInclude>
    <ClInclude Include="src\freetype\freetype\config\ftconfig.h">
      <Filter>Source Files\freetype\freetype\config</Filter>
    </ClInclude>
    <ClInclude Include="src\freetype\freetype\config\ftheader.h">
      <Filter>Source Files\freetype\freetype\config</Filter>
    </ClInclude>
    <ClInclude Include="src\freetype\freetype\config\ftmodule.h">
      <Filter>Source Files\freetype\freetype\config</Filter>
    </ClInclude>
    <ClInclude Include="src\freetype\freetype\config\ftoption.h">
      <Filter>Source Files\freetype\freetype\config</Filter>
    </ClInclude>
    <ClInclude Include="src\freetype\freetype\config\ftstdlib.h">
      <Filter>Source Files\freetype\freetype\config</Filter>
    </ClInclude>
    <ClInclude Include="src\freetype\freetype\config\integer-types.h">
      <Filter>Source Files\freetype\freetype\config</Filter>
    </ClInclude>
    <ClInclude Include="src\freetype\freetype\config\mac-support.h">
      <Filter>Source Files\freetype\freetype\config</Filter>
    </ClInclude>
    <ClInclude Include="src\freetype\freetype\config\public-macros.h">
      <Filter>Source Files\freetype\freetype\config</Filter>
    </ClInclude>
    <ClInclude Include="src\freetype\freetype\internal\autohint.h">
      <Filter>Source Files\freetype\freetype\internal</Filter>
    </ClInclude>
    <ClInclude Include="src\freetype\freetype\internal\cffotypes.h">
      <Filter>Source Files\freetype\freetype\internal</Filter>
    </ClInclude>
    <ClInclude Include="src\freetype\freetype\internal\cfftypes.h">
      <Filter>Source Files\freetype\freetype\internal</Filter>
    </ClInclude>
    <ClInclude Include="src\freetype\freetype\internal\compiler-macros.h">
      <Filter>Source Files\freetype\freetype\internal</Filter>
    </ClInclude>
    <ClInclude Include="src\freetype\freetype\internal\ftcalc.h">
      <Filter>Source Files\freetype\freetype\internal</Filter>
    </ClInclude>
    <ClInclude Include="src\freetype\freetype\internal\ftdebug.h">
      <Filter>Source Files\freetype\freetype\internal</Filter>
    </ClInclude>
    <ClInclude Include="src\freetype\freetype\internal\ftdrv.h">
      <Filter>Source Files\freetype\freetype\internal</Filter>
    </ClInclude>
    <ClInclude Include="src\freetype\freetype\internal\ftgloadr.h">
      <Filter>Source Files\freetype\freetype\internal</Filter>
    </ClInclude>
    <ClInclude Include="src\freetype\freetype\internal\fthash.h">
      <Filter>Source Files\freetype\freetype\internal</Filter>
    </ClInclude>
    <ClInclude Include="src\freetype\freetype\internal\ftmemory.h">
      <Filter>Source Files\freetype\freetype\internal</Filter>
    </ClInclude>
    <ClInclude Include="src\freetype\freetype\internal\ftobjs.h">
      <Filter>Source Files\freetype\freetype\internal</Filter>
    </ClInclude>
    <ClInclude Include="src\freetype\freetype\internal\ftpsprop.h">
      <Filter>Source Files\freetype\freetype\internal</Filter>
    </ClInclude>
    <ClInclude Include="src\freetype\freetype\internal\ftrfork.h">
      <Filter>Source Files\freetype\freetype\internal</Filter>
    </ClInclude>
    <ClInclude Include="src\freetype\freetype\internal\ftserv.h">
      <Filter>Source Files\freetype\freetype\internal</Filter>
    </ClInclude>
    <ClInclude Include="src\freetype\freetype\internal\ftstream.h">
      <Filter>Source Files\freetype\freetype\internal</Filter>
    </ClInclude>
    <ClInclude Include="src\freetype\freetype\internal\fttrace.h">
      <Filter>Source Files\freetype\freetype\internal</Filter>
    </ClInclude>
    <ClInclude Include="src\freetype\freetype\internal\ftvalid.h">
      <Filter>Source Files\freetype\freetype\internal</Filter>
    </ClInclude>
    <ClInclude Include="src\freetype\freetype\internal\psaux.h">
      <Filter>Source Files\freetype\freetype\internal</Filter>
    </ClInclude>
    <ClInclude Include="src\freetype\freetype\internal\pshints.h">
      <Filter>Source Files\freetype\freetype\internal</Filter>
    </ClInclude>
    <ClInclude Include="src\freetype\freetype\internal\sfnt.h">
      <Filter>Source Files\freetype\freetype\internal</Filter>
    </ClInclude>
    <ClInclude Include="src\freetype\freetype\internal\t1types.h">
      <Filter>Source Files\freetype\freetype\internal</Filter>
    </ClInclude>
    <ClInclude Include="src\freetype\freetype\internal\tttypes.h">
      <Filter>Source Files\freetype\freetype\internal</Filter>
    </ClInclude>
    <ClInclude Include="src\freetype\freetype\internal\wofftypes.h">
      <Filter>Source Files\freetype\freetype\internal</Filter>
    </ClInclude>
    <ClInclude Include="src\freetype\freetype\internal\services\svbdf.h">
      <Filter>Source Files\freetype\freetype\internal\services</Filter>
    </ClInclude>
    <ClInclude Include="src\freetype\freetype\internal\services\svcfftl.h">
      <Filter>Source Files\freetype\freetype\internal\services</Filter>
    </ClInclude>
    <ClInclude Include="src\freetype\freetype\internal\services\svcid.h">
      <Filter>Source Files\freetype\freetype\internal\services</Filter>
    </ClInclude>
    <ClInclude Include="src\freetype\freetype\internal\services\svfntfmt.h">
      <Filter>Source Files\freetype\freetype\internal\services</Filter>
    </ClInclude>
    <ClInclude Include="src\freetype\freetype\internal\services\svgldict.h">
      <Filter>Source Files\freetype\freetype\internal\services</Filter>
    </ClInclude>
    <ClInclude Include="src\freetype\freetype\internal\services\svgxval.h">
      <Filter>Source Files\freetype\freetype\internal\services</Filter>
    </ClInclude>
    <ClInclude Include="src\freetype\freetype\internal\services\svkern.h">
      <Filter>Source Files\freetype\freetype\internal\services</Filter>
    </ClInclude>
    <ClInclude Include="src\freetype\freetype\internal\services\svmetric.h">
      <Filter>Source Files\freetype\freetype\internal\services</Filter>
    </ClInclude>
    <ClInclude Include="src\freetype\freetype\internal\services\svmm.h">
      <Filter>Source Files\freetype\freetype\internal\services</Filter>
    </ClInclude>
    <ClInclude Include="src\freetype\freetype\internal\services\svotval.h">
      <Filter>Source Files\freetype\freetype\internal\services</Filter>
    </ClInclude>
    <ClInclude Include="src\freetype\freetype\internal\services\svpfr.h">
      <Filter>Source Files\freetype\freetype\internal\services</Filter>
    </ClInclude>
    <ClInclude Include="src\freetype\freetype\internal\services\svpostnm.h">
      <Filter>Source Files\freetype\freetype\internal\services</Filter>
    </ClInclude>
    <ClInclude Include="src\freetype\freetype\internal\services\svprop.h">
      <Filter>Source Files\freetype\freetype\internal\services</Filter>
    </ClInclude>
    <ClInclude Include="src\freetype\freetype\internal\services\svpscmap.h">
      <Filter>Source Files\freetype\freetype\internal\services</Filter>
    </ClInclude>
    <ClInclude Include="src\freetype\freetype\internal\services\svpsinfo.h">
      <Filter>Source Files\freetype\freetype\internal\services</Filter>
    </ClInclude>
    <ClInclude Include="src\freetype\freetype\internal\services\svsfnt.h">
      <Filter>Source Files\freetype\freetype\internal\services</Filter>
    </ClInclude>
    <ClInclude Include="src\freetype\freetype\internal\services\svttcmap.h">
      <Filter>Source Files\freetype\freetype\internal\services</Filter>
    </ClInclude>
    <ClInclude Include="src\freetype\freetype\internal\services\svtteng.h">
      <Filter>Source Files\freetype\freetype\internal\services</Filter>
    </ClInclude>
    <ClInclude Include="src\freetype\freetype\internal\services\svttglyf.h">
      <Filter>Source Files\freetype\freetype\internal\services</Filter>
    </ClInclude>
    <ClInclude Include="src\freetype\freetype\internal\services\svwinfnt.h">
      <Filter>Source Files\freetype\freetype\internal\services</Filter>
    </ClInclude>
    <ClInclude Include="src\stbi.h">
      <Filter>Header Files</Filter>
    </ClInclude>
    <ClInclude Include="..\..\..\..\..\AppData\Local\Temp\Rar$DRa1524.14385\stb-master\stb_image.h">
      <Filter>Source Files\stbi</Filter>
    </ClInclude>
    <ClInclude Include="..\..\..\..\..\AppData\Local\Temp\Rar$DRa1524.14385\stb-master\stb_image_resize.h">
      <Filter>Source Files\stbi</Filter>
    </ClInclude>
    <ClInclude Include="..\..\..\..\..\AppData\Local\Temp\Rar$DRa1524.14385\stb-master\stb_image_write.h">
      <Filter>Source Files\stbi</Filter>
    </ClInclude>
    <ClInclude Include="src\utils.h">
      <Filter>Header Files</Filter>
    </ClInclude>
  </ItemGroup>
</Project>