
Microsoft Visual Studio Solution File, Format Version 12.00
# Visual Studio Version 16
VisualStudioVersion = 16.0.31729.503
MinimumVisualStudioVersion = 10.0.40219.1
Project("{8BC9CEB8-8B4A-11D0-8D11-00A0C91BC942}") = "minui-base", "base.vcxproj", "{19546694-8CD9-4226-BBD2-363A6C1FD749}"
EndProject
Global
	GlobalSection(SolutionConfigurationPlatforms) = preSolution
		Debug|ARM = Debug|ARM
		Debug|ARM64 = Debug|ARM64
		Debug|x64 = Debug|x64
		Debug|x86 = Debug|x86
		Release|ARM = Release|ARM
		Release|ARM64 = Release|ARM64
		Release|x64 = Release|x64
		Release|x86 = Release|x86
	EndGlobalSection
	GlobalSection(ProjectConfigurationPlatforms) = postSolution
		{19546694-8CD9-4226-BBD2-363A6C1FD749}.Debug|ARM.ActiveCfg = Debug|ARM
		{19546694-8CD9-4226-BBD2-363A6C1FD749}.Debug|ARM.Build.0 = Debug|ARM
		{19546694-8CD9-4226-BBD2-363A6C1FD749}.Debug|ARM64.ActiveCfg = Debug|ARM64
		{19546694-8CD9-4226-BBD2-363A6C1FD749}.Debug|ARM64.Build.0 = Debug|ARM64
		{19546694-8CD9-4226-BBD2-363A6C1FD749}.Debug|x64.ActiveCfg = Debug|x64
		{19546694-8CD9-4226-BBD2-363A6C1FD749}.Debug|x64.Build.0 = Debug|x64
		{19546694-8CD9-4226-BBD2-363A6C1FD749}.Debug|x86.ActiveCfg = Debug|Win32
		{19546694-8CD9-4226-BBD2-363A6C1FD749}.Debug|x86.Build.0 = Debug|Win32
		{19546694-8CD9-4226-BBD2-363A6C1FD749}.Release|ARM.ActiveCfg = Release|ARM
		{19546694-8CD9-4226-BBD2-363A6C1FD749}.Release|ARM.Build.0 = Release|ARM
		{19546694-8CD9-4226-BBD2-363A6C1FD749}.Release|ARM64.ActiveCfg = Release|ARM64
		{19546694-8CD9-4226-BBD2-363A6C1FD749}.Release|ARM64.Build.0 = Release|ARM64
		{19546694-8CD9-4226-BBD2-363A6C1FD749}.Release|x64.ActiveCfg = Release|x64
		{19546694-8CD9-4226-BBD2-363A6C1FD749}.Release|x64.Build.0 = Release|x64
		{19546694-8CD9-4226-BBD2-363A6C1FD749}.Release|x86.ActiveCfg = Release|Win32
		{19546694-8CD9-4226-BBD2-363A6C1FD749}.Release|x86.Build.0 = Release|Win32
	EndGlobalSection
	GlobalSection(SolutionProperties) = preSolution
		HideSolutionNode = FALSE
	EndGlobalSection
	GlobalSection(ExtensibilityGlobals) = postSolution
		SolutionGuid = {32933B60-6541-4F1D-AC11-E123F681C501}
	EndGlobalSection
EndGlobal
